
Microsoft Visual Studio Solution File, Format Version 12.00
# Visual Studio 15
VisualStudioVersion = 15.0.26228.4
MinimumVisualStudioVersion = 10.0.40219.1
Project("{2150E333-8FDC-42A3-9474-1A3956D46DE8}") = "Source", "Source", "{FE38A62D-B363-49B4-A516-339FB921BCB4}"
EndProject
Project("{FAE04EC0-301F-11D3-BF4B-00C04F79EFBC}") = "CompositeUI", ".\Source\CompositeUI\CompositeUI.csproj", "{C478E40B-A05E-4C69-9AB3-7A3BB374243F}"
EndProject
Project("{FAE04EC0-301F-11D3-BF4B-00C04F79EFBC}") = "CompositeUI.WinForms", ".\Source\CompositeUI.WinForms\CompositeUI.WinForms.csproj", "{073BCD60-F2FB-4DB9-92FB-403C8F9E8DD0}"
EndProject
Project("{FAE04EC0-301F-11D3-BF4B-00C04F79EFBC}") = "ObjectBuilder", ".\Source\ObjectBuilder\ObjectBuilder.csproj", "{2AE49F19-392B-4C50-A13C-F49B2579849D}"
EndProject
Project("{2150E333-8FDC-42A3-9474-1A3956D46DE8}") = "UnitTests", "UnitTests", "{770743B6-3725-483F-AC06-D3337024CA3C}"
EndProject
Project("{FAE04EC0-301F-11D3-BF4B-00C04F79EFBC}") = "CompositeUI.Tests.VSTS", ".\UnitTest\VSTS\CompositeUI\CompositeUI.Tests.VSTS.csproj", "{533BB382-F49F-4945-EA80-4B01D58C1AB0}"
EndProject
Project("{FAE04EC0-301F-11D3-BF4B-00C04F79EFBC}") = "CompositeUI.WinForms.Tests.VSTS", ".\UnitTest\VSTS\CompositeUI.WinForms\CompositeUI.WinForms.Tests.VSTS.csproj", "{006913B7-12A3-4FF1-5295-32825D100C9C}"
EndProject
Project("{FAE04EC0-301F-11D3-BF4B-00C04F79EFBC}") = "ObjectBuilder.Tests.VSTS", ".\UnitTest\VSTS\ObjectBuilder\ObjectBuilder.Tests.VSTS.csproj", "{5C5262F7-FE62-415F-BC8D-3C49CC071403}"
EndProject
Project("{2150E333-8FDC-42A3-9474-1A3956D46DE8}") = "QuickStarts", "QuickStarts", "{DA2575D9-CB9F-4547-A30A-0AB771D024AE}"
EndProject
Project("{2150E333-8FDC-42A3-9474-1A3956D46DE8}") = "ModuleLoader", "ModuleLoader", "{016BCFEF-B6C1-4BFA-B1C6-8D61217732D2}"
EndProject
Project("{FAE04EC0-301F-11D3-BF4B-00C04F79EFBC}") = "GPSModule", ".\QuickStarts\ModuleLoader\GPSModule\GPSModule.csproj", "{C0C593F3-A235-4B68-B4A7-6BC724A2F8E8}"
EndProject
Project("{FAE04EC0-301F-11D3-BF4B-00C04F79EFBC}") = "ModuleLoaderQuickStart", ".\QuickStarts\ModuleLoader\ModuleLoaderQuickStart\ModuleLoaderQuickStart.csproj", "{D53533C1-4270-44A6-862E-18623445CA0B}"
EndProject
Project("{2150E333-8FDC-42A3-9474-1A3956D46DE8}") = "BankTeller QuickStart", "BankTeller QuickStart", "{EE4CD8CB-A387-4C71-AF5A-A3D03F36FC55}"
EndProject
Project("{FAE04EC0-301F-11D3-BF4B-00C04F79EFBC}") = "BankShell", ".\QuickStarts\BankTeller\BankShell\BankShell.csproj", "{62B89443-7C08-4753-9C43-F53DABF7549D}"
EndProject
Project("{FAE04EC0-301F-11D3-BF4B-00C04F79EFBC}") = "BankTellerCommon", ".\QuickStarts\BankTeller\BankTellerCommon\BankTellerCommon.csproj", "{5461523C-4DCE-4672-BC72-7F0C99501F43}"
EndProject
Project("{FAE04EC0-301F-11D3-BF4B-00C04F79EFBC}") = "BankTellerModule", ".\QuickStarts\BankTeller\BankTellerModule\BankTellerModule.csproj", "{F5E262B3-2535-4579-B2A6-3FC5BD45EABB}"
EndProject
Project("{FAE04EC0-301F-11D3-BF4B-00C04F79EFBC}") = "CustomerMapExtensionModule", ".\QuickStarts\BankTeller\BankTellerModuleExtension\CustomerMapExtensionModule.csproj", "{A7848178-09E6-4FC7-A21E-9CB9418984A5}"
EndProject
Project("{2150E333-8FDC-42A3-9474-1A3956D46DE8}") = "Commands QuickStart", "Commands QuickStart", "{5A4A6CE9-AB2C-4AEE-8AEA-B375BF72FEF9}"
EndProject
Project("{FAE04EC0-301F-11D3-BF4B-00C04F79EFBC}") = "CommandsQuickStart", ".\QuickStarts\Commands\CommandsQuickStart\CommandsQuickStart.csproj", "{E2889A51-A517-44A8-A479-69386C9B8BD1}"
EndProject
Project("{2150E333-8FDC-42A3-9474-1A3956D46DE8}") = "EventBroker QuickStart", "EventBroker QuickStart", "{34C1BDD9-DA6E-4052-8869-B0748BE94ABA}"
EndProject
Project("{FAE04EC0-301F-11D3-BF4B-00C04F79EFBC}") = "EventBrokerQuickStart", ".\QuickStarts\EventBroker\EventBrokerDemo\EventBrokerQuickStart.csproj", "{D74D48F9-85C5-452F-A1C1-7FCE9F9F8B1F}"
EndProject
Project("{2150E333-8FDC-42A3-9474-1A3956D46DE8}") = "SmartPart QuickStart", "SmartPart QuickStart", "{B290F1E4-9F46-4108-BEA8-4006E1F05BBC}"
EndProject
Project("{FAE04EC0-301F-11D3-BF4B-00C04F79EFBC}") = "SmartPartQuickStart", ".\QuickStarts\SmartPart\SmartPartQuickStart\SmartPartQuickStart.csproj", "{45AAAC79-E7DF-492C-A5DE-9C2BC6016FCD}"
EndProject
Project("{2150E333-8FDC-42A3-9474-1A3956D46DE8}") = "Walkthrough QuickStart", "Walkthrough QuickStart", "{8F635BDF-F390-417B-91E0-AE70C7D67CF1}"
EndProject
Project("{2150E333-8FDC-42A3-9474-1A3956D46DE8}") = "Step 1", "Step 1", "{7D592B4D-B29F-46B9-84D0-532D534816C6}"
EndProject
Project("{2150E333-8FDC-42A3-9474-1A3956D46DE8}") = "Step 2", "Step 2", "{A95CC6A6-68B9-4C81-A4A3-C578D5CE537A}"
EndProject
Project("{2150E333-8FDC-42A3-9474-1A3956D46DE8}") = "Step 3", "Step 3", "{5AEC997F-9142-4E01-A8E8-7414D29651C5}"
EndProject
Project("{2150E333-8FDC-42A3-9474-1A3956D46DE8}") = "Step 4", "Step 4", "{A4D392CF-844E-4F96-9705-4FE283523B76}"
EndProject
Project("{FAE04EC0-301F-11D3-BF4B-00C04F79EFBC}") = "ShellApplication", ".\QuickStarts\Walkthrough\Step1\ShellApplication\ShellApplication.csproj", "{27939947-5B62-4C4C-99FF-898BF0C71D07}"
EndProject
Project("{FAE04EC0-301F-11D3-BF4B-00C04F79EFBC}") = "MyModule", ".\QuickStarts\Walkthrough\Step2\MyModule\MyModule.csproj", "{97B7A004-2B34-462C-A055-4A02972A99A9}"
EndProject
Project("{FAE04EC0-301F-11D3-BF4B-00C04F79EFBC}") = "ShellApplication", ".\QuickStarts\Walkthrough\Step2\ShellApplication\ShellApplication.csproj", "{637AD7F9-7056-41AC-93B2-0956EC1FD4D5}"
EndProject
Project("{FAE04EC0-301F-11D3-BF4B-00C04F79EFBC}") = "MyModule", ".\QuickStarts\Walkthrough\Step3\MyModule\MyModule.csproj", "{231EE72D-663A-4AC0-BE56-3728D5FE3477}"
EndProject
Project("{FAE04EC0-301F-11D3-BF4B-00C04F79EFBC}") = "ShellApplication", ".\QuickStarts\Walkthrough\Step3\ShellApplication\ShellApplication.csproj", "{AE9B0095-C0D9-4ACD-BF5D-D44CE5CE9B51}"
EndProject
Project("{FAE04EC0-301F-11D3-BF4B-00C04F79EFBC}") = "MyModule", ".\QuickStarts\Walkthrough\Step4\MyModule\MyModule.csproj", "{C496A04B-72AF-4343-9833-7A36010F562C}"
EndProject
Project("{FAE04EC0-301F-11D3-BF4B-00C04F79EFBC}") = "ShellApplication", ".\QuickStarts\Walkthrough\Step4\ShellApplication\ShellApplication.csproj", "{21775AD9-4C98-483B-A716-F9D7EE65F874}"
EndProject
Global
	GlobalSection(SolutionConfigurationPlatforms) = preSolution
		Debug|Any CPU = Debug|Any CPU
		Release|Any CPU = Release|Any CPU
	EndGlobalSection
	GlobalSection(ProjectConfigurationPlatforms) = postSolution
		{C478E40B-A05E-4C69-9AB3-7A3BB374243F}.Debug|Any CPU.ActiveCfg = Debug|Any CPU
		{C478E40B-A05E-4C69-9AB3-7A3BB374243F}.Debug|Any CPU.Build.0 = Debug|Any CPU
		{C478E40B-A05E-4C69-9AB3-7A3BB374243F}.Release|Any CPU.ActiveCfg = Release|Any CPU
		{C478E40B-A05E-4C69-9AB3-7A3BB374243F}.Release|Any CPU.Build.0 = Release|Any CPU
		{073BCD60-F2FB-4DB9-92FB-403C8F9E8DD0}.Debug|Any CPU.ActiveCfg = Debug|Any CPU
		{073BCD60-F2FB-4DB9-92FB-403C8F9E8DD0}.Debug|Any CPU.Build.0 = Debug|Any CPU
		{073BCD60-F2FB-4DB9-92FB-403C8F9E8DD0}.Release|Any CPU.ActiveCfg = Release|Any CPU
		{073BCD60-F2FB-4DB9-92FB-403C8F9E8DD0}.Release|Any CPU.Build.0 = Release|Any CPU
		{2AE49F19-392B-4C50-A13C-F49B2579849D}.Debug|Any CPU.ActiveCfg = Debug|Any CPU
		{2AE49F19-392B-4C50-A13C-F49B2579849D}.Debug|Any CPU.Build.0 = Debug|Any CPU
		{2AE49F19-392B-4C50-A13C-F49B2579849D}.Release|Any CPU.ActiveCfg = Release|Any CPU
		{2AE49F19-392B-4C50-A13C-F49B2579849D}.Release|Any CPU.Build.0 = Release|Any CPU
		{533BB382-F49F-4945-EA80-4B01D58C1AB0}.Debug|Any CPU.ActiveCfg = Debug|Any CPU
		{533BB382-F49F-4945-EA80-4B01D58C1AB0}.Debug|Any CPU.Build.0 = Debug|Any CPU
		{533BB382-F49F-4945-EA80-4B01D58C1AB0}.Release|Any CPU.ActiveCfg = Release|Any CPU
		{533BB382-F49F-4945-EA80-4B01D58C1AB0}.Release|Any CPU.Build.0 = Release|Any CPU
		{006913B7-12A3-4FF1-5295-32825D100C9C}.Debug|Any CPU.ActiveCfg = Debug|Any CPU
		{006913B7-12A3-4FF1-5295-32825D100C9C}.Debug|Any CPU.Build.0 = Debug|Any CPU
		{006913B7-12A3-4FF1-5295-32825D100C9C}.Release|Any CPU.ActiveCfg = Release|Any CPU
		{006913B7-12A3-4FF1-5295-32825D100C9C}.Release|Any CPU.Build.0 = Release|Any CPU
		{5C5262F7-FE62-415F-BC8D-3C49CC071403}.Debug|Any CPU.ActiveCfg = Debug|Any CPU
		{5C5262F7-FE62-415F-BC8D-3C49CC071403}.Debug|Any CPU.Build.0 = Debug|Any CPU
		{5C5262F7-FE62-415F-BC8D-3C49CC071403}.Release|Any CPU.ActiveCfg = Release|Any CPU
		{5C5262F7-FE62-415F-BC8D-3C49CC071403}.Release|Any CPU.Build.0 = Release|Any CPU
		{C0C593F3-A235-4B68-B4A7-6BC724A2F8E8}.Debug|Any CPU.ActiveCfg = Debug|Any CPU
		{C0C593F3-A235-4B68-B4A7-6BC724A2F8E8}.Debug|Any CPU.Build.0 = Debug|Any CPU
		{C0C593F3-A235-4B68-B4A7-6BC724A2F8E8}.Release|Any CPU.ActiveCfg = Release|Any CPU
		{C0C593F3-A235-4B68-B4A7-6BC724A2F8E8}.Release|Any CPU.Build.0 = Release|Any CPU
		{D53533C1-4270-44A6-862E-18623445CA0B}.Debug|Any CPU.ActiveCfg = Debug|Any CPU
		{D53533C1-4270-44A6-862E-18623445CA0B}.Debug|Any CPU.Build.0 = Debug|Any CPU
		{D53533C1-4270-44A6-862E-18623445CA0B}.Release|Any CPU.ActiveCfg = Release|Any CPU
		{D53533C1-4270-44A6-862E-18623445CA0B}.Release|Any CPU.Build.0 = Release|Any CPU
		{62B89443-7C08-4753-9C43-F53DABF7549D}.Debug|Any CPU.ActiveCfg = Debug|Any CPU
		{62B89443-7C08-4753-9C43-F53DABF7549D}.Debug|Any CPU.Build.0 = Debug|Any CPU
		{62B89443-7C08-4753-9C43-F53DABF7549D}.Release|Any CPU.ActiveCfg = Release|Any CPU
		{62B89443-7C08-4753-9C43-F53DABF7549D}.Release|Any CPU.Build.0 = Release|Any CPU
		{5461523C-4DCE-4672-BC72-7F0C99501F43}.Debug|Any CPU.ActiveCfg = Debug|Any CPU
		{5461523C-4DCE-4672-BC72-7F0C99501F43}.Debug|Any CPU.Build.0 = Debug|Any CPU
		{5461523C-4DCE-4672-BC72-7F0C99501F43}.Release|Any CPU.ActiveCfg = Release|Any CPU
		{5461523C-4DCE-4672-BC72-7F0C99501F43}.Release|Any CPU.Build.0 = Release|Any CPU
		{F5E262B3-2535-4579-B2A6-3FC5BD45EABB}.Debug|Any CPU.ActiveCfg = Debug|Any CPU
		{F5E262B3-2535-4579-B2A6-3FC5BD45EABB}.Debug|Any CPU.Build.0 = Debug|Any CPU
		{F5E262B3-2535-4579-B2A6-3FC5BD45EABB}.Release|Any CPU.ActiveCfg = Release|Any CPU
		{F5E262B3-2535-4579-B2A6-3FC5BD45EABB}.Release|Any CPU.Build.0 = Release|Any CPU
		{A7848178-09E6-4FC7-A21E-9CB9418984A5}.Debug|Any CPU.ActiveCfg = Debug|Any CPU
		{A7848178-09E6-4FC7-A21E-9CB9418984A5}.Debug|Any CPU.Build.0 = Debug|Any CPU
		{A7848178-09E6-4FC7-A21E-9CB9418984A5}.Release|Any CPU.ActiveCfg = Release|Any CPU
		{A7848178-09E6-4FC7-A21E-9CB9418984A5}.Release|Any CPU.Build.0 = Release|Any CPU
		{E2889A51-A517-44A8-A479-69386C9B8BD1}.Debug|Any CPU.ActiveCfg = Debug|Any CPU
		{E2889A51-A517-44A8-A479-69386C9B8BD1}.Debug|Any CPU.Build.0 = Debug|Any CPU
		{E2889A51-A517-44A8-A479-69386C9B8BD1}.Release|Any CPU.ActiveCfg = Release|Any CPU
		{E2889A51-A517-44A8-A479-69386C9B8BD1}.Release|Any CPU.Build.0 = Release|Any CPU
		{D74D48F9-85C5-452F-A1C1-7FCE9F9F8B1F}.Debug|Any CPU.ActiveCfg = Debug|Any CPU
		{D74D48F9-85C5-452F-A1C1-7FCE9F9F8B1F}.Debug|Any CPU.Build.0 = Debug|Any CPU
		{D74D48F9-85C5-452F-A1C1-7FCE9F9F8B1F}.Release|Any CPU.ActiveCfg = Release|Any CPU
		{D74D48F9-85C5-452F-A1C1-7FCE9F9F8B1F}.Release|Any CPU.Build.0 = Release|Any CPU
		{45AAAC79-E7DF-492C-A5DE-9C2BC6016FCD}.Debug|Any CPU.ActiveCfg = Debug|Any CPU
		{45AAAC79-E7DF-492C-A5DE-9C2BC6016FCD}.Debug|Any CPU.Build.0 = Debug|Any CPU
		{45AAAC79-E7DF-492C-A5DE-9C2BC6016FCD}.Release|Any CPU.ActiveCfg = Release|Any CPU
		{45AAAC79-E7DF-492C-A5DE-9C2BC6016FCD}.Release|Any CPU.Build.0 = Release|Any CPU
		{27939947-5B62-4C4C-99FF-898BF0C71D07}.Debug|Any CPU.ActiveCfg = Debug|Any CPU
		{27939947-5B62-4C4C-99FF-898BF0C71D07}.Debug|Any CPU.Build.0 = Debug|Any CPU
		{27939947-5B62-4C4C-99FF-898BF0C71D07}.Release|Any CPU.ActiveCfg = Release|Any CPU
		{27939947-5B62-4C4C-99FF-898BF0C71D07}.Release|Any CPU.Build.0 = Release|Any CPU
		{97B7A004-2B34-462C-A055-4A02972A99A9}.Debug|Any CPU.ActiveCfg = Debug|Any CPU
		{97B7A004-2B34-462C-A055-4A02972A99A9}.Debug|Any CPU.Build.0 = Debug|Any CPU
		{97B7A004-2B34-462C-A055-4A02972A99A9}.Release|Any CPU.ActiveCfg = Release|Any CPU
		{97B7A004-2B34-462C-A055-4A02972A99A9}.Release|Any CPU.Build.0 = Release|Any CPU
		{637AD7F9-7056-41AC-93B2-0956EC1FD4D5}.Debug|Any CPU.ActiveCfg = Debug|Any CPU
		{637AD7F9-7056-41AC-93B2-0956EC1FD4D5}.Debug|Any CPU.Build.0 = Debug|Any CPU
		{637AD7F9-7056-41AC-93B2-0956EC1FD4D5}.Release|Any CPU.ActiveCfg = Release|Any CPU
		{637AD7F9-7056-41AC-93B2-0956EC1FD4D5}.Release|Any CPU.Build.0 = Release|Any CPU
		{231EE72D-663A-4AC0-BE56-3728D5FE3477}.Debug|Any CPU.ActiveCfg = Debug|Any CPU
		{231EE72D-663A-4AC0-BE56-3728D5FE3477}.Debug|Any CPU.Build.0 = Debug|Any CPU
		{231EE72D-663A-4AC0-BE56-3728D5FE3477}.Release|Any CPU.ActiveCfg = Release|Any CPU
		{231EE72D-663A-4AC0-BE56-3728D5FE3477}.Release|Any CPU.Build.0 = Release|Any CPU
		{AE9B0095-C0D9-4ACD-BF5D-D44CE5CE9B51}.Debug|Any CPU.ActiveCfg = Debug|Any CPU
		{AE9B0095-C0D9-4ACD-BF5D-D44CE5CE9B51}.Debug|Any CPU.Build.0 = Debug|Any CPU
		{AE9B0095-C0D9-4ACD-BF5D-D44CE5CE9B51}.Release|Any CPU.ActiveCfg = Release|Any CPU
		{AE9B0095-C0D9-4ACD-BF5D-D44CE5CE9B51}.Release|Any CPU.Build.0 = Release|Any CPU
		{C496A04B-72AF-4343-9833-7A36010F562C}.Debug|Any CPU.ActiveCfg = Debug|Any CPU
		{C496A04B-72AF-4343-9833-7A36010F562C}.Debug|Any CPU.Build.0 = Debug|Any CPU
		{C496A04B-72AF-4343-9833-7A36010F562C}.Release|Any CPU.ActiveCfg = Release|Any CPU
		{C496A04B-72AF-4343-9833-7A36010F562C}.Release|Any CPU.Build.0 = Release|Any CPU
		{21775AD9-4C98-483B-A716-F9D7EE65F874}.Debug|Any CPU.ActiveCfg = Debug|Any CPU
		{21775AD9-4C98-483B-A716-F9D7EE65F874}.Debug|Any CPU.Build.0 = Debug|Any CPU
		{21775AD9-4C98-483B-A716-F9D7EE65F874}.Release|Any CPU.ActiveCfg = Release|Any CPU
		{21775AD9-4C98-483B-A716-F9D7EE65F874}.Release|Any CPU.Build.0 = Release|Any CPU
	EndGlobalSection
	GlobalSection(SolutionProperties) = preSolution
		HideSolutionNode = FALSE
	EndGlobalSection
	GlobalSection(NestedProjects) = preSolution
		{C478E40B-A05E-4C69-9AB3-7A3BB374243F} = {FE38A62D-B363-49B4-A516-339FB921BCB4}
		{073BCD60-F2FB-4DB9-92FB-403C8F9E8DD0} = {FE38A62D-B363-49B4-A516-339FB921BCB4}
		{2AE49F19-392B-4C50-A13C-F49B2579849D} = {FE38A62D-B363-49B4-A516-339FB921BCB4}
		{533BB382-F49F-4945-EA80-4B01D58C1AB0} = {770743B6-3725-483F-AC06-D3337024CA3C}
		{006913B7-12A3-4FF1-5295-32825D100C9C} = {770743B6-3725-483F-AC06-D3337024CA3C}
		{5C5262F7-FE62-415F-BC8D-3C49CC071403} = {770743B6-3725-483F-AC06-D3337024CA3C}
		{016BCFEF-B6C1-4BFA-B1C6-8D61217732D2} = {DA2575D9-CB9F-4547-A30A-0AB771D024AE}
		{C0C593F3-A235-4B68-B4A7-6BC724A2F8E8} = {016BCFEF-B6C1-4BFA-B1C6-8D61217732D2}
		{D53533C1-4270-44A6-862E-18623445CA0B} = {016BCFEF-B6C1-4BFA-B1C6-8D61217732D2}
		{62B89443-7C08-4753-9C43-F53DABF7549D} = {EE4CD8CB-A387-4C71-AF5A-A3D03F36FC55}
		{5461523C-4DCE-4672-BC72-7F0C99501F43} = {EE4CD8CB-A387-4C71-AF5A-A3D03F36FC55}
		{F5E262B3-2535-4579-B2A6-3FC5BD45EABB} = {EE4CD8CB-A387-4C71-AF5A-A3D03F36FC55}
		{A7848178-09E6-4FC7-A21E-9CB9418984A5} = {EE4CD8CB-A387-4C71-AF5A-A3D03F36FC55}
		{E2889A51-A517-44A8-A479-69386C9B8BD1} = {5A4A6CE9-AB2C-4AEE-8AEA-B375BF72FEF9}
		{D74D48F9-85C5-452F-A1C1-7FCE9F9F8B1F} = {34C1BDD9-DA6E-4052-8869-B0748BE94ABA}
		{45AAAC79-E7DF-492C-A5DE-9C2BC6016FCD} = {B290F1E4-9F46-4108-BEA8-4006E1F05BBC}
		{7D592B4D-B29F-46B9-84D0-532D534816C6} = {8F635BDF-F390-417B-91E0-AE70C7D67CF1}
		{A95CC6A6-68B9-4C81-A4A3-C578D5CE537A} = {8F635BDF-F390-417B-91E0-AE70C7D67CF1}
		{5AEC997F-9142-4E01-A8E8-7414D29651C5} = {8F635BDF-F390-417B-91E0-AE70C7D67CF1}
		{A4D392CF-844E-4F96-9705-4FE283523B76} = {8F635BDF-F390-417B-91E0-AE70C7D67CF1}
		{27939947-5B62-4C4C-99FF-898BF0C71D07} = {7D592B4D-B29F-46B9-84D0-532D534816C6}
		{97B7A004-2B34-462C-A055-4A02972A99A9} = {A95CC6A6-68B9-4C81-A4A3-C578D5CE537A}
		{637AD7F9-7056-41AC-93B2-0956EC1FD4D5} = {A95CC6A6-68B9-4C81-A4A3-C578D5CE537A}
		{231EE72D-663A-4AC0-BE56-3728D5FE3477} = {5AEC997F-9142-4E01-A8E8-7414D29651C5}
		{AE9B0095-C0D9-4ACD-BF5D-D44CE5CE9B51} = {5AEC997F-9142-4E01-A8E8-7414D29651C5}
		{C496A04B-72AF-4343-9833-7A36010F562C} = {A4D392CF-844E-4F96-9705-4FE283523B76}
		{21775AD9-4C98-483B-A716-F9D7EE65F874} = {A4D392CF-844E-4F96-9705-4FE283523B76}
	EndGlobalSection
EndGlobal
